// !$*UTF8*$!
{
	archiveVersion = 1;
	classes = {
	};
	objectVersion = 46;
	objects = {

/* Begin PBXBuildFile section */
		04E6C3941CA0B4D0000112B6 /* CardConsumeRecord.m in Sources */ = {isa = PBXBuildFile; fileRef = 04E6C3701CA0B4D0000112B6 /* CardConsumeRecord.m */; };
		04E6C3951CA0B4D0000112B6 /* CardOwnerRecord.m in Sources */ = {isa = PBXBuildFile; fileRef = 04E6C3721CA0B4D0000112B6 /* CardOwnerRecord.m */; };
		04E6C3961CA0B4D0000112B6 /* CardTransactionRecord.m in Sources */ = {isa = PBXBuildFile; fileRef = 04E6C3741CA0B4D0000112B6 /* CardTransactionRecord.m */; };
		04E6C3971CA0B4D0000112B6 /* common.c in Sources */ = {isa = PBXBuildFile; fileRef = 04E6C3751CA0B4D0000112B6 /* common.c */; };
		04E6C3981CA0B4D0000112B6 /* crc.c in Sources */ = {isa = PBXBuildFile; fileRef = 04E6C3771CA0B4D0000112B6 /* crc.c */; };
		04E6C3991CA0B4D0000112B6 /* esam.c in Sources */ = {isa = PBXBuildFile; fileRef = 04E6C37A1CA0B4D0000112B6 /* esam.c */; };
		04E6C39A1CA0B4D0000112B6 /* HexByteConvert.m in Sources */ = {isa = PBXBuildFile; fileRef = 04E6C37D1CA0B4D0000112B6 /* HexByteConvert.m */; };
		04E6C39B1CA0B4D0000112B6 /* hmac_sha1c.txt in Resources */ = {isa = PBXBuildFile; fileRef = 04E6C37E1CA0B4D0000112B6 /* hmac_sha1c.txt */; };
		04E6C39C1CA0B4D0000112B6 /* hmac_sha1h.txt in Resources */ = {isa = PBXBuildFile; fileRef = 04E6C37F1CA0B4D0000112B6 /* hmac_sha1h.txt */; };
		04E6C39D1CA0B4D0000112B6 /* icc.c in Sources */ = {isa = PBXBuildFile; fileRef = 04E6C3801CA0B4D0000112B6 /* icc.c */; };
		04E6C39E1CA0B4D0000112B6 /* issue_Ble_recv.c in Sources */ = {isa = PBXBuildFile; fileRef = 04E6C3821CA0B4D0000112B6 /* issue_Ble_recv.c */; };
		04E6C39F1CA0B4D0000112B6 /* issue_Ble_send.c in Sources */ = {isa = PBXBuildFile; fileRef = 04E6C3841CA0B4D0000112B6 /* issue_Ble_send.c */; };
		04E6C3A01CA0B4D0000112B6 /* issue_Blec.txt in Resources */ = {isa = PBXBuildFile; fileRef = 04E6C3861CA0B4D0000112B6 /* issue_Blec.txt */; };
		04E6C3A11CA0B4D0000112B6 /* issue_Bleh.txt in Resources */ = {isa = PBXBuildFile; fileRef = 04E6C3871CA0B4D0000112B6 /* issue_Bleh.txt */; };
		04E6C3A21CA0B4D0000112B6 /* lib2rsu.c in Sources */ = {isa = PBXBuildFile; fileRef = 04E6C3891CA0B4D0000112B6 /* lib2rsu.c */; };
		04E6C3A31CA0B4D0000112B6 /* ObuSDK.m in Sources */ = {isa = PBXBuildFile; fileRef = 04E6C38C1CA0B4D0000112B6 /* ObuSDK.m */; };
		04E6C3A41CA0B4D0000112B6 /* psam.c in Sources */ = {isa = PBXBuildFile; fileRef = 04E6C38D1CA0B4D0000112B6 /* psam.c */; };
		04E6C3A51CA0B4D0000112B6 /* WJInit.txt in Resources */ = {isa = PBXBuildFile; fileRef = 04E6C3901CA0B4D0000112B6 /* WJInit.txt */; };
		04E6C3A61CA0B4D0000112B6 /* WJIssue_Ble.txt in Resources */ = {isa = PBXBuildFile; fileRef = 04E6C3911CA0B4D0000112B6 /* WJIssue_Ble.txt */; };
		04E6C3A71CA0B4D0000112B6 /* wjOBU.txt in Resources */ = {isa = PBXBuildFile; fileRef = 04E6C3921CA0B4D0000112B6 /* wjOBU.txt */; };
		04E6C3A81CA0B4D0000112B6 /* WJStructs.txt in Resources */ = {isa = PBXBuildFile; fileRef = 04E6C3931CA0B4D0000112B6 /* WJStructs.txt */; };
		04E6C3F41CA1B063000112B6 /* Documentation.html in Resources */ = {isa = PBXBuildFile; fileRef = 04E6C3F11CA1B063000112B6 /* Documentation.html */; };
		04E6C3F51CA1B063000112B6 /* GCDAsyncSocket.m in Sources */ = {isa = PBXBuildFile; fileRef = 04E6C3F31CA1B063000112B6 /* GCDAsyncSocket.m */; settings = {COMPILER_FLAGS = "-fno-objc-arc"; }; };
		04EBACA31C6CED5800A456E6 /* MBProgressHUD+MJ.m in Sources */ = {isa = PBXBuildFile; fileRef = 04EBAC9F1C6CED5800A456E6 /* MBProgressHUD+MJ.m */; };
		04EBACA41C6CED5800A456E6 /* MBProgressHUD.bundle in Resources */ = {isa = PBXBuildFile; fileRef = 04EBACA01C6CED5800A456E6 /* MBProgressHUD.bundle */; };
		04EBACA51C6CED5800A456E6 /* MBProgressHUD.m in Sources */ = {isa = PBXBuildFile; fileRef = 04EBACA21C6CED5800A456E6 /* MBProgressHUD.m */; };
		04EBACBA1C6CFE4300A456E6 /* AFHTTPRequestOperation.m in Sources */ = {isa = PBXBuildFile; fileRef = 04EBACA81C6CFE4300A456E6 /* AFHTTPRequestOperation.m */; };
		04EBACBB1C6CFE4300A456E6 /* AFHTTPRequestOperationManager.m in Sources */ = {isa = PBXBuildFile; fileRef = 04EBACAA1C6CFE4300A456E6 /* AFHTTPRequestOperationManager.m */; };
		04EBACBC1C6CFE4300A456E6 /* AFHTTPSessionManager.m in Sources */ = {isa = PBXBuildFile; fileRef = 04EBACAC1C6CFE4300A456E6 /* AFHTTPSessionManager.m */; };
		04EBACBD1C6CFE4300A456E6 /* AFNetworkReachabilityManager.m in Sources */ = {isa = PBXBuildFile; fileRef = 04EBACAF1C6CFE4300A456E6 /* AFNetworkReachabilityManager.m */; };
		04EBACBE1C6CFE4300A456E6 /* AFSecurityPolicy.m in Sources */ = {isa = PBXBuildFile; fileRef = 04EBACB11C6CFE4300A456E6 /* AFSecurityPolicy.m */; };
		04EBACBF1C6CFE4300A456E6 /* AFURLConnectionOperation.m in Sources */ = {isa = PBXBuildFile; fileRef = 04EBACB31C6CFE4300A456E6 /* AFURLConnectionOperation.m */; };
		04EBACC01C6CFE4300A456E6 /* AFURLRequestSerialization.m in Sources */ = {isa = PBXBuildFile; fileRef = 04EBACB51C6CFE4300A456E6 /* AFURLRequestSerialization.m */; };
		04EBACC11C6CFE4300A456E6 /* AFURLResponseSerialization.m in Sources */ = {isa = PBXBuildFile; fileRef = 04EBACB71C6CFE4300A456E6 /* AFURLResponseSerialization.m */; };
		04EBACC21C6CFE4300A456E6 /* AFURLSessionManager.m in Sources */ = {isa = PBXBuildFile; fileRef = 04EBACB91C6CFE4300A456E6 /* AFURLSessionManager.m */; };
		04EBACC41C70969600A456E6 /* UIKit.framework in Frameworks */ = {isa = PBXBuildFile; fileRef = 04EBACC31C70969500A456E6 /* UIKit.framework */; };
		04EEA8031C9E38B900709FA0 /* MBProgressHUD+HMH.m in Sources */ = {isa = PBXBuildFile; fileRef = 04EEA8021C9E38B900709FA0 /* MBProgressHUD+HMH.m */; };
		04EEA8051C9E7D8B00709FA0 /* File.rtf in Resources */ = {isa = PBXBuildFile; fileRef = 04EEA8041C9E7D8A00709FA0 /* File.rtf */; };
		04EEA8831C9F55F700709FA0 /* DisplayViewController.m in Sources */ = {isa = PBXBuildFile; fileRef = 04EEA8821C9F55F700709FA0 /* DisplayViewController.m */; };
		AE50A86F1C5B118200688BD6 /* MyWebVC.m in Sources */ = {isa = PBXBuildFile; fileRef = AE50A86E1C5B118100688BD6 /* MyWebVC.m */; };
		AE5D69BB1C5FA1CA00381955 /* CoreBluetooth.framework in Frameworks */ = {isa = PBXBuildFile; fileRef = AE5D69BA1C5FA1CA00381955 /* CoreBluetooth.framework */; };
		AEDB5ACD1C58495A00902D17 /* main.m in Sources */ = {isa = PBXBuildFile; fileRef = AEDB5ACC1C58495A00902D17 /* main.m */; };
		AEDB5AD01C58495A00902D17 /* AppDelegate.m in Sources */ = {isa = PBXBuildFile; fileRef = AEDB5ACF1C58495A00902D17 /* AppDelegate.m */; };
		AEDB5AD61C58495A00902D17 /* Main.storyboard in Resources */ = {isa = PBXBuildFile; fileRef = AEDB5AD41C58495A00902D17 /* Main.storyboard */; };
		AEDB5AD81C58495A00902D17 /* Assets.xcassets in Resources */ = {isa = PBXBuildFile; fileRef = AEDB5AD71C58495A00902D17 /* Assets.xcassets */; };
		AEDB5ADB1C58495A00902D17 /* LaunchScreen.storyboard in Resources */ = {isa = PBXBuildFile; fileRef = AEDB5AD91C58495A00902D17 /* LaunchScreen.storyboard */; };
		AEDB5AE61C58495A00902D17 /* WJDemoTests.m in Sources */ = {isa = PBXBuildFile; fileRef = AEDB5AE51C58495A00902D17 /* WJDemoTests.m */; };
		AEDB5AF11C58495A00902D17 /* WJDemoUITests.m in Sources */ = {isa = PBXBuildFile; fileRef = AEDB5AF01C58495A00902D17 /* WJDemoUITests.m */; };
		AEDB5B1B1C590EA400902D17 /* HomePageVC.m in Sources */ = {isa = PBXBuildFile; fileRef = AEDB5B1A1C590EA400902D17 /* HomePageVC.m */; };
		AEDB5B1E1C590EBB00902D17 /* MinePageVC.m in Sources */ = {isa = PBXBuildFile; fileRef = AEDB5B1D1C590EBB00902D17 /* MinePageVC.m */; };
		AEDB5B211C590EF600902D17 /* SetupPageVC.m in Sources */ = {isa = PBXBuildFile; fileRef = AEDB5B201C590EF600902D17 /* SetupPageVC.m */; };
		AEDB5B241C590F3800902D17 /* ExitPageVC.m in Sources */ = {isa = PBXBuildFile; fileRef = AEDB5B231C590F3800902D17 /* ExitPageVC.m */; };
		AEDB5B271C5912F100902D17 /* WJNavigationController.m in Sources */ = {isa = PBXBuildFile; fileRef = AEDB5B261C5912F100902D17 /* WJNavigationController.m */; };
		AEDB5B2A1C59177800902D17 /* WJTabBarController.m in Sources */ = {isa = PBXBuildFile; fileRef = AEDB5B291C59177800902D17 /* WJTabBarController.m */; };
		AEDB5B421C59C83300902D17 /* AsyncSocket.m in Sources */ = {isa = PBXBuildFile; fileRef = AEDB5B3D1C59C83300902D17 /* AsyncSocket.m */; settings = {COMPILER_FLAGS = "-fno-objc-arc"; }; };
		AEDB5B431C59C83300902D17 /* AsyncUdpSocket.m in Sources */ = {isa = PBXBuildFile; fileRef = AEDB5B3F1C59C83300902D17 /* AsyncUdpSocket.m */; settings = {COMPILER_FLAGS = "-fno-objc-arc"; }; };
		AEDB5B441C59C83300902D17 /* NetFunction.m in Sources */ = {isa = PBXBuildFile; fileRef = AEDB5B411C59C83300902D17 /* NetFunction.m */; };
		AEDB5B461C59C85500902D17 /* CFNetwork.framework in Frameworks */ = {isa = PBXBuildFile; fileRef = AEDB5B451C59C85500902D17 /* CFNetwork.framework */; };
		AEDB5B5B1C59F5EB00902D17 /* MineCellModel.m in Sources */ = {isa = PBXBuildFile; fileRef = AEDB5B581C59F5EB00902D17 /* MineCellModel.m */; };
		AEDB5B5C1C59F5EB00902D17 /* MineCellView.m in Sources */ = {isa = PBXBuildFile; fileRef = AEDB5B5A1C59F5EB00902D17 /* MineCellView.m */; };
		AEDB5B671C5A0C9200902D17 /* headpic.png in Resources */ = {isa = PBXBuildFile; fileRef = AEDB5B661C5A0C9200902D17 /* headpic.png */; };
		AEDB5B691C5A123100902D17 /* wenhua.png in Resources */ = {isa = PBXBuildFile; fileRef = AEDB5B681C5A123100902D17 /* wenhua.png */; };
		AEDB5B6B1C5A123700902D17 /* obu.png in Resources */ = {isa = PBXBuildFile; fileRef = AEDB5B6A1C5A123700902D17 /* obu.png */; };
		AEDB5B6D1C5A123C00902D17 /* chen.png in Resources */ = {isa = PBXBuildFile; fileRef = AEDB5B6C1C5A123C00902D17 /* chen.png */; };
		AEDB5B701C5A256A00902D17 /* UIView+HMH.m in Sources */ = {isa = PBXBuildFile; fileRef = AEDB5B6F1C5A256A00902D17 /* UIView+HMH.m */; };
/* End PBXBuildFile section */

/* Begin PBXContainerItemProxy section */
		AEDB5AE21C58495A00902D17 /* PBXContainerItemProxy */ = {
			isa = PBXContainerItemProxy;
			containerPortal = AEDB5AC01C58495A00902D17 /* Project object */;
			proxyType = 1;
			remoteGlobalIDString = AEDB5AC71C58495A00902D17;
			remoteInfo = WJDemo;
		};
		AEDB5AED1C58495A00902D17 /* PBXContainerItemProxy */ = {
			isa = PBXContainerItemProxy;
			containerPortal = AEDB5AC01C58495A00902D17 /* Project object */;
			proxyType = 1;
			remoteGlobalIDString = AEDB5AC71C58495A00902D17;
			remoteInfo = WJDemo;
		};
/* End PBXContainerItemProxy section */

/* Begin PBXFileReference section */
		04B9F3781C592CC30037FB7A /* singleton.h */ = {isa = PBXFileReference; lastKnownFileType = sourcecode.c.h; path = singleton.h; sourceTree = "<group>"; };
		04E6C36F1CA0B4D0000112B6 /* CardConsumeRecord.h */ = {isa = PBXFileReference; fileEncoding = 4; lastKnownFileType = sourcecode.c.h; path = CardConsumeRecord.h; sourceTree = "<group>"; };
		04E6C3701CA0B4D0000112B6 /* CardConsumeRecord.m */ = {isa = PBXFileReference; fileEncoding = 4; lastKnownFileType = sourcecode.c.objc; path = CardConsumeRecord.m; sourceTree = "<group>"; };
		04E6C3711CA0B4D0000112B6 /* CardOwnerRecord.h */ = {isa = PBXFileReference; fileEncoding = 4; lastKnownFileType = sourcecode.c.h; path = CardOwnerRecord.h; sourceTree = "<group>"; };
		04E6C3721CA0B4D0000112B6 /* CardOwnerRecord.m */ = {isa = PBXFileReference; fileEncoding = 4; lastKnownFileType = sourcecode.c.objc; path = CardOwnerRecord.m; sourceTree = "<group>"; };
		04E6C3731CA0B4D0000112B6 /* CardTransactionRecord.h */ = {isa = PBXFileReference; fileEncoding = 4; lastKnownFileType = sourcecode.c.h; path = CardTransactionRecord.h; sourceTree = "<group>"; };
		04E6C3741CA0B4D0000112B6 /* CardTransactionRecord.m */ = {isa = PBXFileReference; fileEncoding = 4; lastKnownFileType = sourcecode.c.objc; path = CardTransactionRecord.m; sourceTree = "<group>"; };
		04E6C3751CA0B4D0000112B6 /* common.c */ = {isa = PBXFileReference; fileEncoding = 4; lastKnownFileType = sourcecode.c.c; path = common.c; sourceTree = "<group>"; };
		04E6C3761CA0B4D0000112B6 /* common.h */ = {isa = PBXFileReference; fileEncoding = 4; lastKnownFileType = sourcecode.c.h; path = common.h; sourceTree = "<group>"; };
		04E6C3771CA0B4D0000112B6 /* crc.c */ = {isa = PBXFileReference; fileEncoding = 4; lastKnownFileType = sourcecode.c.c; path = crc.c; sourceTree = "<group>"; };
		04E6C3781CA0B4D0000112B6 /* crc.h */ = {isa = PBXFileReference; fileEncoding = 4; lastKnownFileType = sourcecode.c.h; path = crc.h; sourceTree = "<group>"; };
		04E6C3791CA0B4D0000112B6 /* CToOcType.h */ = {isa = PBXFileReference; fileEncoding = 4; lastKnownFileType = sourcecode.c.h; path = CToOcType.h; sourceTree = "<group>"; };
		04E6C37A1CA0B4D0000112B6 /* esam.c */ = {isa = PBXFileReference; fileEncoding = 4; lastKnownFileType = sourcecode.c.c; path = esam.c; sourceTree = "<group>"; };
		04E6C37B1CA0B4D0000112B6 /* esam.h */ = {isa = PBXFileReference; fileEncoding = 4; lastKnownFileType = sourcecode.c.h; path = esam.h; sourceTree = "<group>"; };
		04E6C37C1CA0B4D0000112B6 /* HexByteConvert.h */ = {isa = PBXFileReference; fileEncoding = 4; lastKnownFileType = sourcecode.c.h; path = HexByteConvert.h; sourceTree = "<group>"; };
		04E6C37D1CA0B4D0000112B6 /* HexByteConvert.m */ = {isa = PBXFileReference; fileEncoding = 4; lastKnownFileType = sourcecode.c.objc; path = HexByteConvert.m; sourceTree = "<group>"; };
		04E6C37E1CA0B4D0000112B6 /* hmac_sha1c.txt */ = {isa = PBXFileReference; fileEncoding = 4; lastKnownFileType = text; path = hmac_sha1c.txt; sourceTree = "<group>"; };
		04E6C37F1CA0B4D0000112B6 /* hmac_sha1h.txt */ = {isa = PBXFileReference; fileEncoding = 4; lastKnownFileType = text; path = hmac_sha1h.txt; sourceTree = "<group>"; };
		04E6C3801CA0B4D0000112B6 /* icc.c */ = {isa = PBXFileReference; fileEncoding = 4; lastKnownFileType = sourcecode.c.c; path = icc.c; sourceTree = "<group>"; };
		04E6C3811CA0B4D0000112B6 /* icc.h */ = {isa = PBXFileReference; fileEncoding = 4; lastKnownFileType = sourcecode.c.h; path = icc.h; sourceTree = "<group>"; };
		04E6C3821CA0B4D0000112B6 /* issue_Ble_recv.c */ = {isa = PBXFileReference; fileEncoding = 4; lastKnownFileType = sourcecode.c.c; path = issue_Ble_recv.c; sourceTree = "<group>"; };
		04E6C3831CA0B4D0000112B6 /* issue_Ble_recv.h */ = {isa = PBXFileReference; fileEncoding = 4; lastKnownFileType = sourcecode.c.h; path = issue_Ble_recv.h; sourceTree = "<group>"; };
		04E6C3841CA0B4D0000112B6 /* issue_Ble_send.c */ = {isa = PBXFileReference; fileEncoding = 4; lastKnownFileType = sourcecode.c.c; path = issue_Ble_send.c; sourceTree = "<group>"; };
		04E6C3851CA0B4D0000112B6 /* issue_Ble_send.h */ = {isa = PBXFileReference; fileEncoding = 4; lastKnownFileType = sourcecode.c.h; path = issue_Ble_send.h; sourceTree = "<group>"; };
		04E6C3861CA0B4D0000112B6 /* issue_Blec.txt */ = {isa = PBXFileReference; fileEncoding = 4; lastKnownFileType = text; path = issue_Blec.txt; sourceTree = "<group>"; };
		04E6C3871CA0B4D0000112B6 /* issue_Bleh.txt */ = {isa = PBXFileReference; fileEncoding = 4; lastKnownFileType = text; path = issue_Bleh.txt; sourceTree = "<group>"; };
		04E6C3881CA0B4D0000112B6 /* lib2hd.h */ = {isa = PBXFileReference; fileEncoding = 4; lastKnownFileType = sourcecode.c.h; path = lib2hd.h; sourceTree = "<group>"; };
		04E6C3891CA0B4D0000112B6 /* lib2rsu.c */ = {isa = PBXFileReference; fileEncoding = 4; lastKnownFileType = sourcecode.c.c; path = lib2rsu.c; sourceTree = "<group>"; };
		04E6C38A1CA0B4D0000112B6 /* lib2rsu.h */ = {isa = PBXFileReference; fileEncoding = 4; lastKnownFileType = sourcecode.c.h; path = lib2rsu.h; sourceTree = "<group>"; };
		04E6C38B1CA0B4D0000112B6 /* ObuSDK.h */ = {isa = PBXFileReference; fileEncoding = 4; lastKnownFileType = sourcecode.c.h; path = ObuSDK.h; sourceTree = "<group>"; };
		04E6C38C1CA0B4D0000112B6 /* ObuSDK.m */ = {isa = PBXFileReference; fileEncoding = 4; lastKnownFileType = sourcecode.c.objc; path = ObuSDK.m; sourceTree = "<group>"; };
		04E6C38D1CA0B4D0000112B6 /* psam.c */ = {isa = PBXFileReference; fileEncoding = 4; lastKnownFileType = sourcecode.c.c; path = psam.c; sourceTree = "<group>"; };
		04E6C38E1CA0B4D0000112B6 /* psam.h */ = {isa = PBXFileReference; fileEncoding = 4; lastKnownFileType = sourcecode.c.h; path = psam.h; sourceTree = "<group>"; };
		04E6C38F1CA0B4D0000112B6 /* saveStruct.h */ = {isa = PBXFileReference; fileEncoding = 4; lastKnownFileType = sourcecode.c.h; path = saveStruct.h; sourceTree = "<group>"; };
		04E6C3901CA0B4D0000112B6 /* WJInit.txt */ = {isa = PBXFileReference; fileEncoding = 4; lastKnownFileType = text; path = WJInit.txt; sourceTree = "<group>"; };
		04E6C3911CA0B4D0000112B6 /* WJIssue_Ble.txt */ = {isa = PBXFileReference; fileEncoding = 4; lastKnownFileType = text; path = WJIssue_Ble.txt; sourceTree = "<group>"; };
		04E6C3921CA0B4D0000112B6 /* wjOBU.txt */ = {isa = PBXFileReference; fileEncoding = 4; lastKnownFileType = text; path = wjOBU.txt; sourceTree = "<group>"; };
		04E6C3931CA0B4D0000112B6 /* WJStructs.txt */ = {isa = PBXFileReference; fileEncoding = 4; lastKnownFileType = text; path = WJStructs.txt; sourceTree = "<group>"; };
		04E6C3F11CA1B063000112B6 /* Documentation.html */ = {isa = PBXFileReference; fileEncoding = 4; lastKnownFileType = text.html; path = Documentation.html; sourceTree = "<group>"; };
		04E6C3F21CA1B063000112B6 /* GCDAsyncSocket.h */ = {isa = PBXFileReference; fileEncoding = 4; lastKnownFileType = sourcecode.c.h; path = GCDAsyncSocket.h; sourceTree = "<group>"; };
		04E6C3F31CA1B063000112B6 /* GCDAsyncSocket.m */ = {isa = PBXFileReference; fileEncoding = 4; lastKnownFileType = sourcecode.c.objc; path = GCDAsyncSocket.m; sourceTree = "<group>"; };
		04EBAC9E1C6CED5800A456E6 /* MBProgressHUD+MJ.h */ = {isa = PBXFileReference; fileEncoding = 4; lastKnownFileType = sourcecode.c.h; path = "MBProgressHUD+MJ.h"; sourceTree = "<group>"; };
		04EBAC9F1C6CED5800A456E6 /* MBProgressHUD+MJ.m */ = {isa = PBXFileReference; fileEncoding = 4; lastKnownFileType = sourcecode.c.objc; path = "MBProgressHUD+MJ.m"; sourceTree = "<group>"; };
		04EBACA01C6CED5800A456E6 /* MBProgressHUD.bundle */ = {isa = PBXFileReference; lastKnownFileType = "wrapper.plug-in"; path = MBProgressHUD.bundle; sourceTree = "<group>"; };
		04EBACA11C6CED5800A456E6 /* MBProgressHUD.h */ = {isa = PBXFileReference; fileEncoding = 4; lastKnownFileType = sourcecode.c.h; path = MBProgressHUD.h; sourceTree = "<group>"; };
		04EBACA21C6CED5800A456E6 /* MBProgressHUD.m */ = {isa = PBXFileReference; fileEncoding = 4; lastKnownFileType = sourcecode.c.objc; path = MBProgressHUD.m; sourceTree = "<group>"; };
		04EBACA71C6CFE4300A456E6 /* AFHTTPRequestOperation.h */ = {isa = PBXFileReference; fileEncoding = 4; lastKnownFileType = sourcecode.c.h; path = AFHTTPRequestOperation.h; sourceTree = "<group>"; };
		04EBACA81C6CFE4300A456E6 /* AFHTTPRequestOperation.m */ = {isa = PBXFileReference; fileEncoding = 4; lastKnownFileType = sourcecode.c.objc; path = AFHTTPRequestOperation.m; sourceTree = "<group>"; };
		04EBACA91C6CFE4300A456E6 /* AFHTTPRequestOperationManager.h */ = {isa = PBXFileReference; fileEncoding = 4; lastKnownFileType = sourcecode.c.h; path = AFHTTPRequestOperationManager.h; sourceTree = "<group>"; };
		04EBACAA1C6CFE4300A456E6 /* AFHTTPRequestOperationManager.m */ = {isa = PBXFileReference; fileEncoding = 4; lastKnownFileType = sourcecode.c.objc; path = AFHTTPRequestOperationManager.m; sourceTree = "<group>"; };
		04EBACAB1C6CFE4300A456E6 /* AFHTTPSessionManager.h */ = {isa = PBXFileReference; fileEncoding = 4; lastKnownFileType = sourcecode.c.h; path = AFHTTPSessionManager.h; sourceTree = "<group>"; };
		04EBACAC1C6CFE4300A456E6 /* AFHTTPSessionManager.m */ = {isa = PBXFileReference; fileEncoding = 4; lastKnownFileType = sourcecode.c.objc; path = AFHTTPSessionManager.m; sourceTree = "<group>"; };
		04EBACAD1C6CFE4300A456E6 /* AFNetworking.h */ = {isa = PBXFileReference; fileEncoding = 4; lastKnownFileType = sourcecode.c.h; path = AFNetworking.h; sourceTree = "<group>"; };
		04EBACAE1C6CFE4300A456E6 /* AFNetworkReachabilityManager.h */ = {isa = PBXFileReference; fileEncoding = 4; lastKnownFileType = sourcecode.c.h; path = AFNetworkReachabilityManager.h; sourceTree = "<group>"; };
		04EBACAF1C6CFE4300A456E6 /* AFNetworkReachabilityManager.m */ = {isa = PBXFileReference; fileEncoding = 4; lastKnownFileType = sourcecode.c.objc; path = AFNetworkReachabilityManager.m; sourceTree = "<group>"; };
		04EBACB01C6CFE4300A456E6 /* AFSecurityPolicy.h */ = {isa = PBXFileReference; fileEncoding = 4; lastKnownFileType = sourcecode.c.h; path = AFSecurityPolicy.h; sourceTree = "<group>"; };
		04EBACB11C6CFE4300A456E6 /* AFSecurityPolicy.m */ = {isa = PBXFileReference; fileEncoding = 4; lastKnownFileType = sourcecode.c.objc; path = AFSecurityPolicy.m; sourceTree = "<group>"; };
		04EBACB21C6CFE4300A456E6 /* AFURLConnectionOperation.h */ = {isa = PBXFileReference; fileEncoding = 4; lastKnownFileType = sourcecode.c.h; path = AFURLConnectionOperation.h; sourceTree = "<group>"; };
		04EBACB31C6CFE4300A456E6 /* AFURLConnectionOperation.m */ = {isa = PBXFileReference; fileEncoding = 4; lastKnownFileType = sourcecode.c.objc; path = AFURLConnectionOperation.m; sourceTree = "<group>"; };
		04EBACB41C6CFE4300A456E6 /* AFURLRequestSerialization.h */ = {isa = PBXFileReference; fileEncoding = 4; lastKnownFileType = sourcecode.c.h; path = AFURLRequestSerialization.h; sourceTree = "<group>"; };
		04EBACB51C6CFE4300A456E6 /* AFURLRequestSerialization.m */ = {isa = PBXFileReference; fileEncoding = 4; lastKnownFileType = sourcecode.c.objc; path = AFURLRequestSerialization.m; sourceTree = "<group>"; };
		04EBACB61C6CFE4300A456E6 /* AFURLResponseSerialization.h */ = {isa = PBXFileReference; fileEncoding = 4; lastKnownFileType = sourcecode.c.h; path = AFURLResponseSerialization.h; sourceTree = "<group>"; };
		04EBACB71C6CFE4300A456E6 /* AFURLResponseSerialization.m */ = {isa = PBXFileReference; fileEncoding = 4; lastKnownFileType = sourcecode.c.objc; path = AFURLResponseSerialization.m; sourceTree = "<group>"; };
		04EBACB81C6CFE4300A456E6 /* AFURLSessionManager.h */ = {isa = PBXFileReference; fileEncoding = 4; lastKnownFileType = sourcecode.c.h; path = AFURLSessionManager.h; sourceTree = "<group>"; };
		04EBACB91C6CFE4300A456E6 /* AFURLSessionManager.m */ = {isa = PBXFileReference; fileEncoding = 4; lastKnownFileType = sourcecode.c.objc; path = AFURLSessionManager.m; sourceTree = "<group>"; };
		04EBACC31C70969500A456E6 /* UIKit.framework */ = {isa = PBXFileReference; lastKnownFileType = wrapper.framework; name = UIKit.framework; path = System/Library/Frameworks/UIKit.framework; sourceTree = SDKROOT; };
		04EEA8011C9E38B900709FA0 /* MBProgressHUD+HMH.h */ = {isa = PBXFileReference; fileEncoding = 4; lastKnownFileType = sourcecode.c.h; path = "MBProgressHUD+HMH.h"; sourceTree = "<group>"; };
		04EEA8021C9E38B900709FA0 /* MBProgressHUD+HMH.m */ = {isa = PBXFileReference; fileEncoding = 4; lastKnownFileType = sourcecode.c.objc; path = "MBProgressHUD+HMH.m"; sourceTree = "<group>"; };
		04EEA8041C9E7D8A00709FA0 /* File.rtf */ = {isa = PBXFileReference; fileEncoding = 4; lastKnownFileType = text.rtf; path = File.rtf; sourceTree = "<group>"; };
		04EEA8811C9F55F700709FA0 /* DisplayViewController.h */ = {isa = PBXFileReference; fileEncoding = 4; lastKnownFileType = sourcecode.c.h; path = DisplayViewController.h; sourceTree = "<group>"; };
		04EEA8821C9F55F700709FA0 /* DisplayViewController.m */ = {isa = PBXFileReference; fileEncoding = 4; lastKnownFileType = sourcecode.c.objc; path = DisplayViewController.m; sourceTree = "<group>"; };
		AE50A86D1C5B118100688BD6 /* MyWebVC.h */ = {isa = PBXFileReference; fileEncoding = 4; lastKnownFileType = sourcecode.c.h; name = MyWebVC.h; path = ../MyWebVC.h; sourceTree = "<group>"; };
		AE50A86E1C5B118100688BD6 /* MyWebVC.m */ = {isa = PBXFileReference; fileEncoding = 4; lastKnownFileType = sourcecode.c.objc; name = MyWebVC.m; path = ../MyWebVC.m; sourceTree = "<group>"; };
		AE5D69BA1C5FA1CA00381955 /* CoreBluetooth.framework */ = {isa = PBXFileReference; lastKnownFileType = wrapper.framework; name = CoreBluetooth.framework; path = System/Library/Frameworks/CoreBluetooth.framework; sourceTree = SDKROOT; };
		AEDB5AC81C58495A00902D17 /* WJDemo.app */ = {isa = PBXFileReference; explicitFileType = wrapper.application; includeInIndex = 0; path = WJDemo.app; sourceTree = BUILT_PRODUCTS_DIR; };
		AEDB5ACC1C58495A00902D17 /* main.m */ = {isa = PBXFileReference; lastKnownFileType = sourcecode.c.objc; path = main.m; sourceTree = "<group>"; };
		AEDB5ACE1C58495A00902D17 /* AppDelegate.h */ = {isa = PBXFileReference; lastKnownFileType = sourcecode.c.h; path = AppDelegate.h; sourceTree = "<group>"; };
		AEDB5ACF1C58495A00902D17 /* AppDelegate.m */ = {isa = PBXFileReference; lastKnownFileType = sourcecode.c.objc; path = AppDelegate.m; sourceTree = "<group>"; };
		AEDB5AD51C58495A00902D17 /* Base */ = {isa = PBXFileReference; lastKnownFileType = file.storyboard; name = Base; path = Base.lproj/Main.storyboard; sourceTree = "<group>"; };
		AEDB5AD71C58495A00902D17 /* Assets.xcassets */ = {isa = PBXFileReference; lastKnownFileType = folder.assetcatalog; path = Assets.xcassets; sourceTree = "<group>"; };
		AEDB5ADA1C58495A00902D17 /* Base */ = {isa = PBXFileReference; lastKnownFileType = file.storyboard; name = Base; path = Base.lproj/LaunchScreen.storyboard; sourceTree = "<group>"; };
		AEDB5ADC1C58495A00902D17 /* Info.plist */ = {isa = PBXFileReference; lastKnownFileType = text.plist.xml; path = Info.plist; sourceTree = "<group>"; };
		AEDB5AE11C58495A00902D17 /* WJDemoTests.xctest */ = {isa = PBXFileReference; explicitFileType = wrapper.cfbundle; includeInIndex = 0; path = WJDemoTests.xctest; sourceTree = BUILT_PRODUCTS_DIR; };
		AEDB5AE51C58495A00902D17 /* WJDemoTests.m */ = {isa = PBXFileReference; lastKnownFileType = sourcecode.c.objc; path = WJDemoTests.m; sourceTree = "<group>"; };
		AEDB5AE71C58495A00902D17 /* Info.plist */ = {isa = PBXFileReference; lastKnownFileType = text.plist.xml; path = Info.plist; sourceTree = "<group>"; };
		AEDB5AEC1C58495A00902D17 /* WJDemoUITests.xctest */ = {isa = PBXFileReference; explicitFileType = wrapper.cfbundle; includeInIndex = 0; path = WJDemoUITests.xctest; sourceTree = BUILT_PRODUCTS_DIR; };
		AEDB5AF01C58495A00902D17 /* WJDemoUITests.m */ = {isa = PBXFileReference; lastKnownFileType = sourcecode.c.objc; path = WJDemoUITests.m; sourceTree = "<group>"; };
		AEDB5AF21C58495A00902D17 /* Info.plist */ = {isa = PBXFileReference; lastKnownFileType = text.plist.xml; path = Info.plist; sourceTree = "<group>"; };
		AEDB5B191C590EA400902D17 /* HomePageVC.h */ = {isa = PBXFileReference; fileEncoding = 4; lastKnownFileType = sourcecode.c.h; path = HomePageVC.h; sourceTree = "<group>"; };
		AEDB5B1A1C590EA400902D17 /* HomePageVC.m */ = {isa = PBXFileReference; fileEncoding = 4; lastKnownFileType = sourcecode.c.objc; path = HomePageVC.m; sourceTree = "<group>"; };
		AEDB5B1C1C590EBB00902D17 /* MinePageVC.h */ = {isa = PBXFileReference; fileEncoding = 4; lastKnownFileType = sourcecode.c.h; path = MinePageVC.h; sourceTree = "<group>"; };
		AEDB5B1D1C590EBB00902D17 /* MinePageVC.m */ = {isa = PBXFileReference; fileEncoding = 4; lastKnownFileType = sourcecode.c.objc; path = MinePageVC.m; sourceTree = "<group>"; };
		AEDB5B1F1C590EF600902D17 /* SetupPageVC.h */ = {isa = PBXFileReference; fileEncoding = 4; lastKnownFileType = sourcecode.c.h; name = SetupPageVC.h; path = ../SetupPageVC.h; sourceTree = "<group>"; };
		AEDB5B201C590EF600902D17 /* SetupPageVC.m */ = {isa = PBXFileReference; fileEncoding = 4; lastKnownFileType = sourcecode.c.objc; name = SetupPageVC.m; path = ../SetupPageVC.m; sourceTree = "<group>"; };
		AEDB5B221C590F3800902D17 /* ExitPageVC.h */ = {isa = PBXFileReference; fileEncoding = 4; lastKnownFileType = sourcecode.c.h; name = ExitPageVC.h; path = ../ExitPageVC.h; sourceTree = "<group>"; };
		AEDB5B231C590F3800902D17 /* ExitPageVC.m */ = {isa = PBXFileReference; fileEncoding = 4; lastKnownFileType = sourcecode.c.objc; name = ExitPageVC.m; path = ../ExitPageVC.m; sourceTree = "<group>"; };
		AEDB5B251C5912F100902D17 /* WJNavigationController.h */ = {isa = PBXFileReference; fileEncoding = 4; lastKnownFileType = sourcecode.c.h; path = WJNavigationController.h; sourceTree = "<group>"; };
		AEDB5B261C5912F100902D17 /* WJNavigationController.m */ = {isa = PBXFileReference; fileEncoding = 4; lastKnownFileType = sourcecode.c.objc; path = WJNavigationController.m; sourceTree = "<group>"; };
		AEDB5B281C59177800902D17 /* WJTabBarController.h */ = {isa = PBXFileReference; fileEncoding = 4; lastKnownFileType = sourcecode.c.h; name = WJTabBarController.h; path = ../WJTabBarController.h; sourceTree = "<group>"; };
		AEDB5B291C59177800902D17 /* WJTabBarController.m */ = {isa = PBXFileReference; fileEncoding = 4; lastKnownFileType = sourcecode.c.objc; name = WJTabBarController.m; path = ../WJTabBarController.m; sourceTree = "<group>"; };
		AEDB5B2C1C591F8C00902D17 /* WJDemoPrefixHeader.pch */ = {isa = PBXFileReference; lastKnownFileType = sourcecode.c.h; path = WJDemoPrefixHeader.pch; sourceTree = SOURCE_ROOT; };
		AEDB5B3C1C59C83300902D17 /* AsyncSocket.h */ = {isa = PBXFileReference; fileEncoding = 4; lastKnownFileType = sourcecode.c.h; path = AsyncSocket.h; sourceTree = "<group>"; };
		AEDB5B3D1C59C83300902D17 /* AsyncSocket.m */ = {isa = PBXFileReference; fileEncoding = 4; lastKnownFileType = sourcecode.c.objc; path = AsyncSocket.m; sourceTree = "<group>"; };
		AEDB5B3E1C59C83300902D17 /* AsyncUdpSocket.h */ = {isa = PBXFileReference; fileEncoding = 4; lastKnownFileType = sourcecode.c.h; path = AsyncUdpSocket.h; sourceTree = "<group>"; };
		AEDB5B3F1C59C83300902D17 /* AsyncUdpSocket.m */ = {isa = PBXFileReference; fileEncoding = 4; lastKnownFileType = sourcecode.c.objc; path = AsyncUdpSocket.m; sourceTree = "<group>"; };
		AEDB5B401C59C83300902D17 /* NetFunction.h */ = {isa = PBXFileReference; fileEncoding = 4; lastKnownFileType = sourcecode.c.h; path = NetFunction.h; sourceTree = "<group>"; };
		AEDB5B411C59C83300902D17 /* NetFunction.m */ = {isa = PBXFileReference; fileEncoding = 4; lastKnownFileType = sourcecode.c.objc; path = NetFunction.m; sourceTree = "<group>"; };
		AEDB5B451C59C85500902D17 /* CFNetwork.framework */ = {isa = PBXFileReference; lastKnownFileType = wrapper.framework; name = CFNetwork.framework; path = System/Library/Frameworks/CFNetwork.framework; sourceTree = SDKROOT; };
		AEDB5B571C59F5EB00902D17 /* MineCellModel.h */ = {isa = PBXFileReference; fileEncoding = 4; lastKnownFileType = sourcecode.c.h; path = MineCellModel.h; sourceTree = "<group>"; };
		AEDB5B581C59F5EB00902D17 /* MineCellModel.m */ = {isa = PBXFileReference; fileEncoding = 4; lastKnownFileType = sourcecode.c.objc; path = MineCellModel.m; sourceTree = "<group>"; };
		AEDB5B591C59F5EB00902D17 /* MineCellView.h */ = {isa = PBXFileReference; fileEncoding = 4; lastKnownFileType = sourcecode.c.h; path = MineCellView.h; sourceTree = "<group>"; };
		AEDB5B5A1C59F5EB00902D17 /* MineCellView.m */ = {isa = PBXFileReference; fileEncoding = 4; lastKnownFileType = sourcecode.c.objc; path = MineCellView.m; sourceTree = "<group>"; };
		AEDB5B661C5A0C9200902D17 /* headpic.png */ = {isa = PBXFileReference; lastKnownFileType = image.png; path = headpic.png; sourceTree = "<group>"; };
		AEDB5B681C5A123100902D17 /* wenhua.png */ = {isa = PBXFileReference; lastKnownFileType = image.png; path = wenhua.png; sourceTree = "<group>"; };
		AEDB5B6A1C5A123700902D17 /* obu.png */ = {isa = PBXFileReference; lastKnownFileType = image.png; path = obu.png; sourceTree = "<group>"; };
		AEDB5B6C1C5A123C00902D17 /* chen.png */ = {isa = PBXFileReference; lastKnownFileType = image.png; path = chen.png; sourceTree = "<group>"; };
		AEDB5B6E1C5A256A00902D17 /* UIView+HMH.h */ = {isa = PBXFileReference; fileEncoding = 4; lastKnownFileType = sourcecode.c.h; path = "UIView+HMH.h"; sourceTree = "<group>"; };
		AEDB5B6F1C5A256A00902D17 /* UIView+HMH.m */ = {isa = PBXFileReference; fileEncoding = 4; lastKnownFileType = sourcecode.c.objc; path = "UIView+HMH.m"; sourceTree = "<group>"; };
/* End PBXFileReference section */

/* Begin PBXFrameworksBuildPhase section */
		AEDB5AC51C58495A00902D17 /* Frameworks */ = {
			isa = PBXFrameworksBuildPhase;
			buildActionMask = 2147483647;
			files = (
				04EBACC41C70969600A456E6 /* UIKit.framework in Frameworks */,
				AE5D69BB1C5FA1CA00381955 /* CoreBluetooth.framework in Frameworks */,
				AEDB5B461C59C85500902D17 /* CFNetwork.framework in Frameworks */,
			);
			runOnlyForDeploymentPostprocessing = 0;
		};
		AEDB5ADE1C58495A00902D17 /* Frameworks */ = {
			isa = PBXFrameworksBuildPhase;
			buildActionMask = 2147483647;
			files = (
			);
			runOnlyForDeploymentPostprocessing = 0;
		};
		AEDB5AE91C58495A00902D17 /* Frameworks */ = {
			isa = PBXFrameworksBuildPhase;
			buildActionMask = 2147483647;
			files = (
			);
			runOnlyForDeploymentPostprocessing = 0;
		};
/* End PBXFrameworksBuildPhase section */

/* Begin PBXGroup section */
		04E6C36E1CA0B4D0000112B6 /* frame */ = {
			isa = PBXGroup;
			children = (
				04E6C36F1CA0B4D0000112B6 /* CardConsumeRecord.h */,
				04E6C3701CA0B4D0000112B6 /* CardConsumeRecord.m */,
				04E6C3711CA0B4D0000112B6 /* CardOwnerRecord.h */,
				04E6C3721CA0B4D0000112B6 /* CardOwnerRecord.m */,
				04E6C3731CA0B4D0000112B6 /* CardTransactionRecord.h */,
				04E6C3741CA0B4D0000112B6 /* CardTransactionRecord.m */,
				04E6C3751CA0B4D0000112B6 /* common.c */,
				04E6C3761CA0B4D0000112B6 /* common.h */,
				04E6C3771CA0B4D0000112B6 /* crc.c */,
				04E6C3781CA0B4D0000112B6 /* crc.h */,
				04E6C3791CA0B4D0000112B6 /* CToOcType.h */,
				04E6C37A1CA0B4D0000112B6 /* esam.c */,
				04E6C37B1CA0B4D0000112B6 /* esam.h */,
				04E6C37C1CA0B4D0000112B6 /* HexByteConvert.h */,
				04E6C37D1CA0B4D0000112B6 /* HexByteConvert.m */,
				04E6C37E1CA0B4D0000112B6 /* hmac_sha1c.txt */,
				04E6C37F1CA0B4D0000112B6 /* hmac_sha1h.txt */,
				04E6C3801CA0B4D0000112B6 /* icc.c */,
				04E6C3811CA0B4D0000112B6 /* icc.h */,
				04E6C3821CA0B4D0000112B6 /* issue_Ble_recv.c */,
				04E6C3831CA0B4D0000112B6 /* issue_Ble_recv.h */,
				04E6C3841CA0B4D0000112B6 /* issue_Ble_send.c */,
				04E6C3851CA0B4D0000112B6 /* issue_Ble_send.h */,
				04E6C3861CA0B4D0000112B6 /* issue_Blec.txt */,
				04E6C3871CA0B4D0000112B6 /* issue_Bleh.txt */,
				04E6C3881CA0B4D0000112B6 /* lib2hd.h */,
				04E6C3891CA0B4D0000112B6 /* lib2rsu.c */,
				04E6C38A1CA0B4D0000112B6 /* lib2rsu.h */,
				04E6C38B1CA0B4D0000112B6 /* ObuSDK.h */,
				04E6C38C1CA0B4D0000112B6 /* ObuSDK.m */,
				04E6C38D1CA0B4D0000112B6 /* psam.c */,
				04E6C38E1CA0B4D0000112B6 /* psam.h */,
				04E6C38F1CA0B4D0000112B6 /* saveStruct.h */,
				04E6C3901CA0B4D0000112B6 /* WJInit.txt */,
				04E6C3911CA0B4D0000112B6 /* WJIssue_Ble.txt */,
				04E6C3921CA0B4D0000112B6 /* wjOBU.txt */,
				04E6C3931CA0B4D0000112B6 /* WJStructs.txt */,
			);
			path = frame;
			sourceTree = "<group>";
		};
		04E6C3F01CA1B063000112B6 /* GCDAsyncSocket-master */ = {
			isa = PBXGroup;
			children = (
				04E6C3F11CA1B063000112B6 /* Documentation.html */,
				04E6C3F21CA1B063000112B6 /* GCDAsyncSocket.h */,
				04E6C3F31CA1B063000112B6 /* GCDAsyncSocket.m */,
			);
			path = "GCDAsyncSocket-master";
			sourceTree = "<group>";
		};
		04EBAC9D1C6CED5800A456E6 /* MBProgressHUD */ = {
			isa = PBXGroup;
			children = (
				04EBAC9E1C6CED5800A456E6 /* MBProgressHUD+MJ.h */,
				04EBAC9F1C6CED5800A456E6 /* MBProgressHUD+MJ.m */,
				04EBACA01C6CED5800A456E6 /* MBProgressHUD.bundle */,
				04EBACA11C6CED5800A456E6 /* MBProgressHUD.h */,
				04EBACA21C6CED5800A456E6 /* MBProgressHUD.m */,
				04EEA8011C9E38B900709FA0 /* MBProgressHUD+HMH.h */,
				04EEA8021C9E38B900709FA0 /* MBProgressHUD+HMH.m */,
			);
			path = MBProgressHUD;
			sourceTree = "<group>";
		};
		04EBACA61C6CFE4300A456E6 /* AFNetworking */ = {
			isa = PBXGroup;
			children = (
				04EBACA71C6CFE4300A456E6 /* AFHTTPRequestOperation.h */,
				04EBACA81C6CFE4300A456E6 /* AFHTTPRequestOperation.m */,
				04EBACA91C6CFE4300A456E6 /* AFHTTPRequestOperationManager.h */,
				04EBACAA1C6CFE4300A456E6 /* AFHTTPRequestOperationManager.m */,
				04EBACAB1C6CFE4300A456E6 /* AFHTTPSessionManager.h */,
				04EBACAC1C6CFE4300A456E6 /* AFHTTPSessionManager.m */,
				04EBACAD1C6CFE4300A456E6 /* AFNetworking.h */,
				04EBACAE1C6CFE4300A456E6 /* AFNetworkReachabilityManager.h */,
				04EBACAF1C6CFE4300A456E6 /* AFNetworkReachabilityManager.m */,
				04EBACB01C6CFE4300A456E6 /* AFSecurityPolicy.h */,
				04EBACB11C6CFE4300A456E6 /* AFSecurityPolicy.m */,
				04EBACB21C6CFE4300A456E6 /* AFURLConnectionOperation.h */,
				04EBACB31C6CFE4300A456E6 /* AFURLConnectionOperation.m */,
				04EBACB41C6CFE4300A456E6 /* AFURLRequestSerialization.h */,
				04EBACB51C6CFE4300A456E6 /* AFURLRequestSerialization.m */,
				04EBACB61C6CFE4300A456E6 /* AFURLResponseSerialization.h */,
				04EBACB71C6CFE4300A456E6 /* AFURLResponseSerialization.m */,
				04EBACB81C6CFE4300A456E6 /* AFURLSessionManager.h */,
				04EBACB91C6CFE4300A456E6 /* AFURLSessionManager.m */,
			);
			path = AFNetworking;
			sourceTree = "<group>";
		};
		AEDB5ABF1C58495A00902D17 = {
			isa = PBXGroup;
			children = (
				04EEA8041C9E7D8A00709FA0 /* File.rtf */,
				04EBACC31C70969500A456E6 /* UIKit.framework */,
				AE5D69BA1C5FA1CA00381955 /* CoreBluetooth.framework */,
				AEDB5B451C59C85500902D17 /* CFNetwork.framework */,
				AEDB5ACA1C58495A00902D17 /* WJDemo */,
				AEDB5AE41C58495A00902D17 /* WJDemoTests */,
				AEDB5AEF1C58495A00902D17 /* WJDemoUITests */,
				AEDB5AC91C58495A00902D17 /* Products */,
			);
			sourceTree = "<group>";
		};
		AEDB5AC91C58495A00902D17 /* Products */ = {
			isa = PBXGroup;
			children = (
				AEDB5AC81C58495A00902D17 /* WJDemo.app */,
				AEDB5AE11C58495A00902D17 /* WJDemoTests.xctest */,
				AEDB5AEC1C58495A00902D17 /* WJDemoUITests.xctest */,
			);
			name = Products;
			sourceTree = "<group>";
		};
		AEDB5ACA1C58495A00902D17 /* WJDemo */ = {
			isa = PBXGroup;
			children = (
				04E6C3F01CA1B063000112B6 /* GCDAsyncSocket-master */,
				04E6C36E1CA0B4D0000112B6 /* frame */,
				04EBACA61C6CFE4300A456E6 /* AFNetworking */,
				04EBAC9D1C6CED5800A456E6 /* MBProgressHUD */,
				AE50A86D1C5B118100688BD6 /* MyWebVC.h */,
				AE50A86E1C5B118100688BD6 /* MyWebVC.m */,
				AEDB5B6E1C5A256A00902D17 /* UIView+HMH.h */,
				AEDB5B6F1C5A256A00902D17 /* UIView+HMH.m */,
				AEDB5B5D1C5A071000902D17 /* pics */,
				AEDB5B561C59F5D900902D17 /* mine */,
				AEDB5B551C59F45000902D17 /* home */,
				AEDB5B3B1C59C83300902D17 /* AsyncSocket */,
				AEDB5B401C59C83300902D17 /* NetFunction.h */,
				AEDB5B411C59C83300902D17 /* NetFunction.m */,
				AEDB5ACE1C58495A00902D17 /* AppDelegate.h */,
				AEDB5ACF1C58495A00902D17 /* AppDelegate.m */,
				AEDB5AD41C58495A00902D17 /* Main.storyboard */,
				AEDB5AD71C58495A00902D17 /* Assets.xcassets */,
				AEDB5AD91C58495A00902D17 /* LaunchScreen.storyboard */,
				AEDB5ADC1C58495A00902D17 /* Info.plist */,
				AEDB5ACB1C58495A00902D17 /* Supporting Files */,
				AEDB5B191C590EA400902D17 /* HomePageVC.h */,
				AEDB5B1A1C590EA400902D17 /* HomePageVC.m */,
				AEDB5B1C1C590EBB00902D17 /* MinePageVC.h */,
				AEDB5B1D1C590EBB00902D17 /* MinePageVC.m */,
				AEDB5B221C590F3800902D17 /* ExitPageVC.h */,
				AEDB5B231C590F3800902D17 /* ExitPageVC.m */,
				AEDB5B1F1C590EF600902D17 /* SetupPageVC.h */,
				AEDB5B201C590EF600902D17 /* SetupPageVC.m */,
				AEDB5B281C59177800902D17 /* WJTabBarController.h */,
				AEDB5B291C59177800902D17 /* WJTabBarController.m */,
				AEDB5B251C5912F100902D17 /* WJNavigationController.h */,
				AEDB5B261C5912F100902D17 /* WJNavigationController.m */,
				AEDB5B2C1C591F8C00902D17 /* WJDemoPrefixHeader.pch */,
				04B9F3781C592CC30037FB7A /* singleton.h */,
			);
			path = WJDemo;
			sourceTree = "<group>";
		};
		AEDB5ACB1C58495A00902D17 /* Supporting Files */ = {
			isa = PBXGroup;
			children = (
				AEDB5ACC1C58495A00902D17 /* main.m */,
				04EEA8811C9F55F700709FA0 /* DisplayViewController.h */,
				04EEA8821C9F55F700709FA0 /* DisplayViewController.m */,
			);
			name = "Supporting Files";
			sourceTree = "<group>";
		};
		AEDB5AE41C58495A00902D17 /* WJDemoTests */ = {
			isa = PBXGroup;
			children = (
				AEDB5AE51C58495A00902D17 /* WJDemoTests.m */,
				AEDB5AE71C58495A00902D17 /* Info.plist */,
			);
			path = WJDemoTests;
			sourceTree = "<group>";
		};
		AEDB5AEF1C58495A00902D17 /* WJDemoUITests */ = {
			isa = PBXGroup;
			children = (
				AEDB5AF01C58495A00902D17 /* WJDemoUITests.m */,
				AEDB5AF21C58495A00902D17 /* Info.plist */,
			);
			path = WJDemoUITests;
			sourceTree = "<group>";
		};
		AEDB5B3B1C59C83300902D17 /* AsyncSocket */ = {
			isa = PBXGroup;
			children = (
				AEDB5B3C1C59C83300902D17 /* AsyncSocket.h */,
				AEDB5B3D1C59C83300902D17 /* AsyncSocket.m */,
				AEDB5B3E1C59C83300902D17 /* AsyncUdpSocket.h */,
				AEDB5B3F1C59C83300902D17 /* AsyncUdpSocket.m */,
			);
			path = AsyncSocket;
			sourceTree = "<group>";
		};
		AEDB5B551C59F45000902D17 /* home */ = {
			isa = PBXGroup;
			children = (
			);
			path = home;
			sourceTree = "<group>";
		};
		AEDB5B561C59F5D900902D17 /* mine */ = {
			isa = PBXGroup;
			children = (
				AEDB5B571C59F5EB00902D17 /* MineCellModel.h */,
				AEDB5B581C59F5EB00902D17 /* MineCellModel.m */,
				AEDB5B591C59F5EB00902D17 /* MineCellView.h */,
				AEDB5B5A1C59F5EB00902D17 /* MineCellView.m */,
			);
			name = mine;
			sourceTree = "<group>";
		};
		AEDB5B5D1C5A071000902D17 /* pics */ = {
			isa = PBXGroup;
			children = (
				AEDB5B6C1C5A123C00902D17 /* chen.png */,
				AEDB5B6A1C5A123700902D17 /* obu.png */,
				AEDB5B681C5A123100902D17 /* wenhua.png */,
				AEDB5B661C5A0C9200902D17 /* headpic.png */,
			);
			name = pics;
			sourceTree = "<group>";
		};
/* End PBXGroup section */

/* Begin PBXNativeTarget section */
		AEDB5AC71C58495A00902D17 /* WJDemo */ = {
			isa = PBXNativeTarget;
			buildConfigurationList = AEDB5AF51C58495A00902D17 /* Build configuration list for PBXNativeTarget "WJDemo" */;
			buildPhases = (
				AEDB5AC41C58495A00902D17 /* Sources */,
				AEDB5AC51C58495A00902D17 /* Frameworks */,
				AEDB5AC61C58495A00902D17 /* Resources */,
			);
			buildRules = (
			);
			dependencies = (
			);
			name = WJDemo;
			productName = WJDemo;
			productReference = AEDB5AC81C58495A00902D17 /* WJDemo.app */;
			productType = "com.apple.product-type.application";
		};
		AEDB5AE01C58495A00902D17 /* WJDemoTests */ = {
			isa = PBXNativeTarget;
			buildConfigurationList = AEDB5AF81C58495A00902D17 /* Build configuration list for PBXNativeTarget "WJDemoTests" */;
			buildPhases = (
				AEDB5ADD1C58495A00902D17 /* Sources */,
				AEDB5ADE1C58495A00902D17 /* Frameworks */,
				AEDB5ADF1C58495A00902D17 /* Resources */,
			);
			buildRules = (
			);
			dependencies = (
				AEDB5AE31C58495A00902D17 /* PBXTargetDependency */,
			);
			name = WJDemoTests;
			productName = WJDemoTests;
			productReference = AEDB5AE11C58495A00902D17 /* WJDemoTests.xctest */;
			productType = "com.apple.product-type.bundle.unit-test";
		};
		AEDB5AEB1C58495A00902D17 /* WJDemoUITests */ = {
			isa = PBXNativeTarget;
			buildConfigurationList = AEDB5AFB1C58495A00902D17 /* Build configuration list for PBXNativeTarget "WJDemoUITests" */;
			buildPhases = (
				AEDB5AE81C58495A00902D17 /* Sources */,
				AEDB5AE91C58495A00902D17 /* Frameworks */,
				AEDB5AEA1C58495A00902D17 /* Resources */,
			);
			buildRules = (
			);
			dependencies = (
				AEDB5AEE1C58495A00902D17 /* PBXTargetDependency */,
			);
			name = WJDemoUITests;
			productName = WJDemoUITests;
			productReference = AEDB5AEC1C58495A00902D17 /* WJDemoUITests.xctest */;
			productType = "com.apple.product-type.bundle.ui-testing";
		};
/* End PBXNativeTarget section */

/* Begin PBXProject section */
		AEDB5AC01C58495A00902D17 /* Project object */ = {
			isa = PBXProject;
			attributes = {
				LastUpgradeCheck = 0720;
				ORGANIZATIONNAME = WanJi;
				TargetAttributes = {
					AEDB5AC71C58495A00902D17 = {
						CreatedOnToolsVersion = 7.2;
						DevelopmentTeam = 5E27AV4V35;
					};
					AEDB5AE01C58495A00902D17 = {
						CreatedOnToolsVersion = 7.2;
						TestTargetID = AEDB5AC71C58495A00902D17;
					};
					AEDB5AEB1C58495A00902D17 = {
						CreatedOnToolsVersion = 7.2;
						TestTargetID = AEDB5AC71C58495A00902D17;
					};
				};
			};
			buildConfigurationList = AEDB5AC31C58495A00902D17 /* Build configuration list for PBXProject "WJDemo" */;
			compatibilityVersion = "Xcode 3.2";
			developmentRegion = English;
			hasScannedForEncodings = 0;
			knownRegions = (
				en,
				Base,
			);
			mainGroup = AEDB5ABF1C58495A00902D17;
			productRefGroup = AEDB5AC91C58495A00902D17 /* Products */;
			projectDirPath = "";
			projectRoot = "";
			targets = (
				AEDB5AC71C58495A00902D17 /* WJDemo */,
				AEDB5AE01C58495A00902D17 /* WJDemoTests */,
				AEDB5AEB1C58495A00902D17 /* WJDemoUITests */,
			);
		};
/* End PBXProject section */

/* Begin PBXResourcesBuildPhase section */
		AEDB5AC61C58495A00902D17 /* Resources */ = {
			isa = PBXResourcesBuildPhase;
			buildActionMask = 2147483647;
			files = (
				AEDB5B6B1C5A123700902D17 /* obu.png in Resources */,
				04E6C3A11CA0B4D0000112B6 /* issue_Bleh.txt in Resources */,
				04E6C3A81CA0B4D0000112B6 /* WJStructs.txt in Resources */,
				04EBACA41C6CED5800A456E6 /* MBProgressHUD.bundle in Resources */,
				AEDB5B671C5A0C9200902D17 /* headpic.png in Resources */,
				AEDB5ADB1C58495A00902D17 /* LaunchScreen.storyboard in Resources */,
				04E6C39C1CA0B4D0000112B6 /* hmac_sha1h.txt in Resources */,
				04E6C39B1CA0B4D0000112B6 /* hmac_sha1c.txt in Resources */,
				04E6C3A01CA0B4D0000112B6 /* issue_Blec.txt in Resources */,
				AEDB5B6D1C5A123C00902D17 /* chen.png in Resources */,
				04E6C3A51CA0B4D0000112B6 /* WJInit.txt in Resources */,
				AEDB5AD81C58495A00902D17 /* Assets.xcassets in Resources */,
				AEDB5B691C5A123100902D17 /* wenhua.png in Resources */,
				04E6C3F41CA1B063000112B6 /* Documentation.html in Resources */,
				AEDB5AD61C58495A00902D17 /* Main.storyboard in Resources */,
				04E6C3A61CA0B4D0000112B6 /* WJIssue_Ble.txt in Resources */,
				04E6C3A71CA0B4D0000112B6 /* wjOBU.txt in Resources */,
				04EEA8051C9E7D8B00709FA0 /* File.rtf in Resources */,
			);
			runOnlyForDeploymentPostprocessing = 0;
		};
		AEDB5ADF1C58495A00902D17 /* Resources */ = {
			isa = PBXResourcesBuildPhase;
			buildActionMask = 2147483647;
			files = (
			);
			runOnlyForDeploymentPostprocessing = 0;
		};
		AEDB5AEA1C58495A00902D17 /* Resources */ = {
			isa = PBXResourcesBuildPhase;
			buildActionMask = 2147483647;
			files = (
			);
			runOnlyForDeploymentPostprocessing = 0;
		};
/* End PBXResourcesBuildPhase section */

/* Begin PBXSourcesBuildPhase section */
		AEDB5AC41C58495A00902D17 /* Sources */ = {
			isa = PBXSourcesBuildPhase;
			buildActionMask = 2147483647;
			files = (
				04E6C3981CA0B4D0000112B6 /* crc.c in Sources */,
				AEDB5B271C5912F100902D17 /* WJNavigationController.m in Sources */,
				04E6C3941CA0B4D0000112B6 /* CardConsumeRecord.m in Sources */,
				04E6C3971CA0B4D0000112B6 /* common.c in Sources */,
				AEDB5B431C59C83300902D17 /* AsyncUdpSocket.m in Sources */,
				04E6C3A41CA0B4D0000112B6 /* psam.c in Sources */,
				04EBACBE1C6CFE4300A456E6 /* AFSecurityPolicy.m in Sources */,
				04EBACBB1C6CFE4300A456E6 /* AFHTTPRequestOperationManager.m in Sources */,
				04EBACBA1C6CFE4300A456E6 /* AFHTTPRequestOperation.m in Sources */,
				AEDB5AD01C58495A00902D17 /* AppDelegate.m in Sources */,
				AE50A86F1C5B118200688BD6 /* MyWebVC.m in Sources */,
				AEDB5B241C590F3800902D17 /* ExitPageVC.m in Sources */,
				04E6C3F51CA1B063000112B6 /* GCDAsyncSocket.m in Sources */,
				AEDB5B421C59C83300902D17 /* AsyncSocket.m in Sources */,
				AEDB5B1B1C590EA400902D17 /* HomePageVC.m in Sources */,
				AEDB5B701C5A256A00902D17 /* UIView+HMH.m in Sources */,
				04EBACA31C6CED5800A456E6 /* MBProgressHUD+MJ.m in Sources */,
				04E6C3961CA0B4D0000112B6 /* CardTransactionRecord.m in Sources */,
				AEDB5B441C59C83300902D17 /* NetFunction.m in Sources */,
				04E6C3A21CA0B4D0000112B6 /* lib2rsu.c in Sources */,
				04EBACBC1C6CFE4300A456E6 /* AFHTTPSessionManager.m in Sources */,
				04E6C3A31CA0B4D0000112B6 /* ObuSDK.m in Sources */,
				04E6C39A1CA0B4D0000112B6 /* HexByteConvert.m in Sources */,
				AEDB5B211C590EF600902D17 /* SetupPageVC.m in Sources */,
				AEDB5B5B1C59F5EB00902D17 /* MineCellModel.m in Sources */,
				04E6C39D1CA0B4D0000112B6 /* icc.c in Sources */,
				04EBACBF1C6CFE4300A456E6 /* AFURLConnectionOperation.m in Sources */,
				04E6C39F1CA0B4D0000112B6 /* issue_Ble_send.c in Sources */,
				04E6C3951CA0B4D0000112B6 /* CardOwnerRecord.m in Sources */,
				04EBACC01C6CFE4300A456E6 /* AFURLRequestSerialization.m in Sources */,
				04EBACC21C6CFE4300A456E6 /* AFURLSessionManager.m in Sources */,
				04E6C39E1CA0B4D0000112B6 /* issue_Ble_recv.c in Sources */,
				04EBACC11C6CFE4300A456E6 /* AFURLResponseSerialization.m in Sources */,
				04EBACA51C6CED5800A456E6 /* MBProgressHUD.m in Sources */,
				AEDB5B2A1C59177800902D17 /* WJTabBarController.m in Sources */,
				04EEA8031C9E38B900709FA0 /* MBProgressHUD+HMH.m in Sources */,
				AEDB5B1E1C590EBB00902D17 /* MinePageVC.m in Sources */,
				04EEA8831C9F55F700709FA0 /* DisplayViewController.m in Sources */,
				AEDB5ACD1C58495A00902D17 /* main.m in Sources */,
				04E6C3991CA0B4D0000112B6 /* esam.c in Sources */,
				04EBACBD1C6CFE4300A456E6 /* AFNetworkReachabilityManager.m in Sources */,
				AEDB5B5C1C59F5EB00902D17 /* MineCellView.m in Sources */,
			);
			runOnlyForDeploymentPostprocessing = 0;
		};
		AEDB5ADD1C58495A00902D17 /* Sources */ = {
			isa = PBXSourcesBuildPhase;
			buildActionMask = 2147483647;
			files = (
				AEDB5AE61C58495A00902D17 /* WJDemoTests.m in Sources */,
			);
			runOnlyForDeploymentPostprocessing = 0;
		};
		AEDB5AE81C58495A00902D17 /* Sources */ = {
			isa = PBXSourcesBuildPhase;
			buildActionMask = 2147483647;
			files = (
				AEDB5AF11C58495A00902D17 /* WJDemoUITests.m in Sources */,
			);
			runOnlyForDeploymentPostprocessing = 0;
		};
/* End PBXSourcesBuildPhase section */

/* Begin PBXTargetDependency section */
		AEDB5AE31C58495A00902D17 /* PBXTargetDependency */ = {
			isa = PBXTargetDependency;
			target = AEDB5AC71C58495A00902D17 /* WJDemo */;
			targetProxy = AEDB5AE21C58495A00902D17 /* PBXContainerItemProxy */;
		};
		AEDB5AEE1C58495A00902D17 /* PBXTargetDependency */ = {
			isa = PBXTargetDependency;
			target = AEDB5AC71C58495A00902D17 /* WJDemo */;
			targetProxy = AEDB5AED1C58495A00902D17 /* PBXContainerItemProxy */;
		};
/* End PBXTargetDependency section */

/* Begin PBXVariantGroup section */
		AEDB5AD41C58495A00902D17 /* Main.storyboard */ = {
			isa = PBXVariantGroup;
			children = (
				AEDB5AD51C58495A00902D17 /* Base */,
			);
			name = Main.storyboard;
			sourceTree = "<group>";
		};
		AEDB5AD91C58495A00902D17 /* LaunchScreen.storyboard */ = {
			isa = PBXVariantGroup;
			children = (
				AEDB5ADA1C58495A00902D17 /* Base */,
			);
			name = LaunchScreen.storyboard;
			sourceTree = "<group>";
		};
/* End PBXVariantGroup section */

/* Begin XCBuildConfiguration section */
		AEDB5AF31C58495A00902D17 /* Debug */ = {
			isa = XCBuildConfiguration;
			buildSettings = {
				ALWAYS_SEARCH_USER_PATHS = NO;
				CLANG_CXX_LANGUAGE_STANDARD = "gnu++0x";
				CLANG_CXX_LIBRARY = "libc++";
				CLANG_ENABLE_MODULES = YES;
				CLANG_ENABLE_OBJC_ARC = YES;
				CLANG_WARN_BOOL_CONVERSION = YES;
				CLANG_WARN_CONSTANT_CONVERSION = YES;
				CLANG_WARN_DIRECT_OBJC_ISA_USAGE = YES_ERROR;
				CLANG_WARN_EMPTY_BODY = YES;
				CLANG_WARN_ENUM_CONVERSION = YES;
				CLANG_WARN_INT_CONVERSION = YES;
				CLANG_WARN_OBJC_ROOT_CLASS = YES_ERROR;
				CLANG_WARN_UNREACHABLE_CODE = YES;
				CLANG_WARN__DUPLICATE_METHOD_MATCH = YES;
				"CODE_SIGN_IDENTITY[sdk=iphoneos*]" = "iPhone Developer";
				COPY_PHASE_STRIP = NO;
				DEBUG_INFORMATION_FORMAT = dwarf;
				ENABLE_STRICT_OBJC_MSGSEND = YES;
				ENABLE_TESTABILITY = YES;
				GCC_C_LANGUAGE_STANDARD = gnu99;
				GCC_DYNAMIC_NO_PIC = NO;
				GCC_NO_COMMON_BLOCKS = YES;
				GCC_OPTIMIZATION_LEVEL = 0;
				GCC_PREPROCESSOR_DEFINITIONS = (
					"DEBUG=1",
					"$(inherited)",
				);
				GCC_WARN_64_TO_32_BIT_CONVERSION = YES;
				GCC_WARN_ABOUT_RETURN_TYPE = YES_ERROR;
				GCC_WARN_UNDECLARED_SELECTOR = YES;
				GCC_WARN_UNINITIALIZED_AUTOS = YES_AGGRESSIVE;
				GCC_WARN_UNUSED_FUNCTION = YES;
				GCC_WARN_UNUSED_VARIABLE = YES;
				IPHONEOS_DEPLOYMENT_TARGET = 7.0;
				MTL_ENABLE_DEBUG_INFO = YES;
				ONLY_ACTIVE_ARCH = YES;
				SDKROOT = iphoneos;
				TARGETED_DEVICE_FAMILY = "1,2";
			};
			name = Debug;
		};
		AEDB5AF41C58495A00902D17 /* Release */ = {
			isa = XCBuildConfiguration;
			buildSettings = {
				ALWAYS_SEARCH_USER_PATHS = NO;
				CLANG_CXX_LANGUAGE_STANDARD = "gnu++0x";
				CLANG_CXX_LIBRARY = "libc++";
				CLANG_ENABLE_MODULES = YES;
				CLANG_ENABLE_OBJC_ARC = YES;
				CLANG_WARN_BOOL_CONVERSION = YES;
				CLANG_WARN_CONSTANT_CONVERSION = YES;
				CLANG_WARN_DIRECT_OBJC_ISA_USAGE = YES_ERROR;
				CLANG_WARN_EMPTY_BODY = YES;
				CLANG_WARN_ENUM_CONVERSION = YES;
				CLANG_WARN_INT_CONVERSION = YES;
				CLANG_WARN_OBJC_ROOT_CLASS = YES_ERROR;
				CLANG_WARN_UNREACHABLE_CODE = YES;
				CLANG_WARN__DUPLICATE_METHOD_MATCH = YES;
				"CODE_SIGN_IDENTITY[sdk=iphoneos*]" = "iPhone Developer";
				COPY_PHASE_STRIP = NO;
				DEBUG_INFORMATION_FORMAT = "dwarf-with-dsym";
				ENABLE_NS_ASSERTIONS = NO;
				ENABLE_STRICT_OBJC_MSGSEND = YES;
				GCC_C_LANGUAGE_STANDARD = gnu99;
				GCC_NO_COMMON_BLOCKS = YES;
				GCC_WARN_64_TO_32_BIT_CONVERSION = YES;
				GCC_WARN_ABOUT_RETURN_TYPE = YES_ERROR;
				GCC_WARN_UNDECLARED_SELECTOR = YES;
				GCC_WARN_UNINITIALIZED_AUTOS = YES_AGGRESSIVE;
				GCC_WARN_UNUSED_FUNCTION = YES;
				GCC_WARN_UNUSED_VARIABLE = YES;
				IPHONEOS_DEPLOYMENT_TARGET = 7.0;
				MTL_ENABLE_DEBUG_INFO = NO;
				SDKROOT = iphoneos;
				TARGETED_DEVICE_FAMILY = "1,2";
				VALIDATE_PRODUCT = YES;
			};
			name = Release;
		};
		AEDB5AF61C58495A00902D17 /* Debug */ = {
			isa = XCBuildConfiguration;
			buildSettings = {
				ASSETCATALOG_COMPILER_APPICON_NAME = AppIcon;
				CODE_SIGN_IDENTITY = "iPhone Developer";
				ENABLE_BITCODE = NO;
				FRAMEWORK_SEARCH_PATHS = (
					"$(inherited)",
					"$(PROJECT_DIR)/WJDemo",
				);
				GCC_C_LANGUAGE_STANDARD = gnu89;
				GCC_PRECOMPILE_PREFIX_HEADER = YES;
				GCC_PREFIX_HEADER = "$(SRCROOT)/WJDemoPrefixHeader.pch";
				HEADER_SEARCH_PATHS = "$(PROJECT_DIR)/WJDemo/ObuSDK.framework/Headers";
				INFOPLIST_FILE = WJDemo/Info.plist;
				IPHONEOS_DEPLOYMENT_TARGET = 7.0;
				LD_RUNPATH_SEARCH_PATHS = "$(inherited) @executable_path/Frameworks";
				LIBRARY_SEARCH_PATHS = (
					"$(inherited)",
					"$(PROJECT_DIR)/WJDemo/ObuSDK",
				);
				ONLY_ACTIVE_ARCH = NO;
				PRODUCT_BUNDLE_IDENTIFIER = com.hmh.wjblue;
				PRODUCT_NAME = "$(TARGET_NAME)";
			};
			name = Debug;
		};
		AEDB5AF71C58495A00902D17 /* Release */ = {
			isa = XCBuildConfiguration;
			buildSettings = {
				ASSETCATALOG_COMPILER_APPICON_NAME = AppIcon;
				CODE_SIGN_IDENTITY = "iPhone Developer";
				ENABLE_BITCODE = NO;
				FRAMEWORK_SEARCH_PATHS = (
					"$(inherited)",
					"$(PROJECT_DIR)/WJDemo",
				);
				GCC_C_LANGUAGE_STANDARD = gnu89;
				GCC_PRECOMPILE_PREFIX_HEADER = YES;
				GCC_PREFIX_HEADER = "$(SRCROOT)/WJDemoPrefixHeader.pch";
				INFOPLIST_FILE = WJDemo/Info.plist;
				IPHONEOS_DEPLOYMENT_TARGET = 7.0;
				LD_RUNPATH_SEARCH_PATHS = "$(inherited) @executable_path/Frameworks";
				LIBRARY_SEARCH_PATHS = (
					"$(inherited)",
					"$(PROJECT_DIR)/WJDemo/ObuSDK",
				);
				PRODUCT_BUNDLE_IDENTIFIER = com.hmh.wjblue;
				PRODUCT_NAME = "$(TARGET_NAME)";
			};
			name = Release;
		};
		AEDB5AF91C58495A00902D17 /* Debug */ = {
			isa = XCBuildConfiguration;
			buildSettings = {
				BUNDLE_LOADER = "$(TEST_HOST)";
				INFOPLIST_FILE = WJDemoTests/Info.plist;
				LD_RUNPATH_SEARCH_PATHS = "$(inherited) @executable_path/Frameworks @loader_path/Frameworks";
				PRODUCT_BUNDLE_IDENTIFIER = com.hmh.wj.WJDemoTests;
				PRODUCT_NAME = "$(TARGET_NAME)";
				TEST_HOST = "$(BUILT_PRODUCTS_DIR)/WJDemo.app/WJDemo";
			};
			name = Debug;
		};
		AEDB5AFA1C58495A00902D17 /* Release */ = {
			isa = XCBuildConfiguration;
			buildSettings = {
				BUNDLE_LOADER = "$(TEST_HOST)";
				INFOPLIST_FILE = WJDemoTests/Info.plist;
				LD_RUNPATH_SEARCH_PATHS = "$(inherited) @executable_path/Frameworks @loader_path/Frameworks";
				PRODUCT_BUNDLE_IDENTIFIER = com.hmh.wj.WJDemoTests;
				PRODUCT_NAME = "$(TARGET_NAME)";
				TEST_HOST = "$(BUILT_PRODUCTS_DIR)/WJDemo.app/WJDemo";
			};
			name = Release;
		};
		AEDB5AFC1C58495A00902D17 /* Debug */ = {
			isa = XCBuildConfiguration;
			buildSettings = {
				INFOPLIST_FILE = WJDemoUITests/Info.plist;
				LD_RUNPATH_SEARCH_PATHS = "$(inherited) @executable_path/Frameworks @loader_path/Frameworks";
				PRODUCT_BUNDLE_IDENTIFIER = com.hmh.wj.WJDemoUITests;
				PRODUCT_NAME = "$(TARGET_NAME)";
				TEST_TARGET_NAME = WJDemo;
				USES_XCTRUNNER = YES;
			};
			name = Debug;
		};
		AEDB5AFD1C58495A00902D17 /* Release */ = {
			isa = XCBuildConfiguration;
			buildSettings = {
				INFOPLIST_FILE = WJDemoUITests/Info.plist;
				LD_RUNPATH_SEARCH_PATHS = "$(inherited) @executable_path/Frameworks @loader_path/Frameworks";
				PRODUCT_BUNDLE_IDENTIFIER = com.hmh.wj.WJDemoUITests;
				PRODUCT_NAME = "$(TARGET_NAME)";
				TEST_TARGET_NAME = WJDemo;
				USES_XCTRUNNER = YES;
			};
			name = Release;
		};
/* End XCBuildConfiguration section */

/* Begin XCConfigurationList section */
		AEDB5AC31C58495A00902D17 /* Build configuration list for PBXProject "WJDemo" */ = {
			isa = XCConfigurationList;
			buildConfigurations = (
				AEDB5AF31C58495A00902D17 /* Debug */,
				AEDB5AF41C58495A00902D17 /* Release */,
			);
			defaultConfigurationIsVisible = 0;
			defaultConfigurationName = Release;
		};
		AEDB5AF51C58495A00902D17 /* Build configuration list for PBXNativeTarget "WJDemo" */ = {
			isa = XCConfigurationList;
			buildConfigurations = (
				AEDB5AF61C58495A00902D17 /* Debug */,
				AEDB5AF71C58495A00902D17 /* Release */,
			);
			defaultConfigurationIsVisible = 0;
			defaultConfigurationName = Release;
		};
		AEDB5AF81C58495A00902D17 /* Build configuration list for PBXNativeTarget "WJDemoTests" */ = {
			isa = XCConfigurationList;
			buildConfigurations = (
				AEDB5AF91C58495A00902D17 /* Debug */,
				AEDB5AFA1C58495A00902D17 /* Release */,
			);
			defaultConfigurationIsVisible = 0;
			defaultConfigurationName = Release;
		};
		AEDB5AFB1C58495A00902D17 /* Build configuration list for PBXNativeTarget "WJDemoUITests" */ = {
			isa = XCConfigurationList;
			buildConfigurations = (
				AEDB5AFC1C58495A00902D17 /* Debug */,
				AEDB5AFD1C58495A00902D17 /* Release */,
			);
			defaultConfigurationIsVisible = 0;
			defaultConfigurationName = Release;
		};
/* End XCConfigurationList section */
	};
	rootObject = AEDB5AC01C58495A00902D17 /* Project object */;
}
